// !$*UTF8*$!
{
	archiveVersion = 1;
	classes = {
	};
	objectVersion = 77;
	objects = {

/* Begin PBXContainerItemProxy section */
		56F3605E2E4457FC0065012C /* PBXContainerItemProxy */ = {
			isa = PBXContainerItemProxy;
			containerPortal = 56F360482E4457FA0065012C /* Project object */;
			proxyType = 1;
			remoteGlobalIDString = 56F3604F2E4457FA0065012C;
			remoteInfo = RelayTive;
		};
		56F360682E4457FC0065012C /* PBXContainerItemProxy */ = {
			isa = PBXContainerItemProxy;
			containerPortal = 56F360482E4457FA0065012C /* Project object */;
			proxyType = 1;
			remoteGlobalIDString = 56F3604F2E4457FA0065012C;
			remoteInfo = RelayTive;
		};
/* End PBXContainerItemProxy section */

/* Begin PBXFileReference section */
		56F360502E4457FA0065012C /* RelayTive.app */ = {isa = PBXFileReference; explicitFileType = wrapper.application; includeInIndex = 0; path = RelayTive.app; sourceTree = BUILT_PRODUCTS_DIR; };
		56F3605D2E4457FC0065012C /* RelayTiveTests.xctest */ = {isa = PBXFileReference; explicitFileType = wrapper.cfbundle; includeInIndex = 0; path = RelayTiveTests.xctest; sourceTree = BUILT_PRODUCTS_DIR; };
		56F360672E4457FC0065012C /* RelayTiveUITests.xctest */ = {isa = PBXFileReference; explicitFileType = wrapper.cfbundle; includeInIndex = 0; path = RelayTiveUITests.xctest; sourceTree = BUILT_PRODUCTS_DIR; };
/* End PBXFileReference section */

/* Begin PBXFileSystemSynchronizedBuildFileExceptionSet section */
		56F360C12E44801D0065012C /* Exceptions for "RelayTive" folder in "RelayTive" target */ = {
			isa = PBXFileSystemSynchronizedBuildFileExceptionSet;
			membershipExceptions = (
				Models/RelayTive_HuBERT.mlpackage,
			);
			target = 56F3604F2E4457FA0065012C /* RelayTive */;
		};
/* End PBXFileSystemSynchronizedBuildFileExceptionSet section */

/* Begin PBXFileSystemSynchronizedGroupBuildPhaseMembershipExceptionSet section */
		56F360C02E447B060065012C /* Exceptions for "RelayTive" folder in "Copy Bundle Resources" phase from "RelayTive" target */ = {
			isa = PBXFileSystemSynchronizedGroupBuildPhaseMembershipExceptionSet;
			buildPhase = 56F3604E2E4457FA0065012C /* Resources */;
			membershipExceptions = (
				Models/RelayTive_HuBERT.mlpackage,
			);
		};
/* End PBXFileSystemSynchronizedGroupBuildPhaseMembershipExceptionSet section */

/* Begin PBXFileSystemSynchronizedRootGroup section */
		56F360522E4457FA0065012C /* RelayTive */ = {
			isa = PBXFileSystemSynchronizedRootGroup;
			exceptions = (
				56F360C12E44801D0065012C /* Exceptions for "RelayTive" folder in "RelayTive" target */,
				56F360C02E447B060065012C /* Exceptions for "RelayTive" folder in "Copy Bundle Resources" phase from "RelayTive" target */,
			);
			path = RelayTive;
			sourceTree = "<group>";
		};
		56F360602E4457FC0065012C /* RelayTiveTests */ = {
			isa = PBXFileSystemSynchronizedRootGroup;
			path = RelayTiveTests;
			sourceTree = "<group>";
		};
		56F3606A2E4457FC0065012C /* RelayTiveUITests */ = {
			isa = PBXFileSystemSynchronizedRootGroup;
			path = RelayTiveUITests;
			sourceTree = "<group>";
		};
/* End PBXFileSystemSynchronizedRootGroup section */

/* Begin PBXFrameworksBuildPhase section */
		56F3604D2E4457FA0065012C /* Frameworks */ = {
			isa = PBXFrameworksBuildPhase;
			buildActionMask = 2147483647;
			files = (
			);
			runOnlyForDeploymentPostprocessing = 0;
		};
		56F3605A2E4457FC0065012C /* Frameworks */ = {
			isa = PBXFrameworksBuildPhase;
			buildActionMask = 2147483647;
			files = (
			);
			runOnlyForDeploymentPostprocessing = 0;
		};
		56F360642E4457FC0065012C /* Frameworks */ = {
			isa = PBXFrameworksBuildPhase;
			buildActionMask = 2147483647;
			files = (
			);
			runOnlyForDeploymentPostprocessing = 0;
		};
/* End PBXFrameworksBuildPhase section */

/* Begin PBXGroup section */
		56F360472E4457FA0065012C = {
			isa = PBXGroup;
			children = (
				56F360522E4457FA0065012C /* RelayTive */,
				56F360602E4457FC0065012C /* RelayTiveTests */,
				56F3606A2E4457FC0065012C /* RelayTiveUITests */,
				56F360512E4457FA0065012C /* Products */,
			);
			sourceTree = "<group>";
		};
		56F360512E4457FA0065012C /* Products */ = {
			isa = PBXGroup;
			children = (
				56F360502E4457FA0065012C /* RelayTive.app */,
				56F3605D2E4457FC0065012C /* RelayTiveTests.xctest */,
				56F360672E4457FC0065012C /* RelayTiveUITests.xctest */,
			);
			name = Products;
			sourceTree = "<group>";
		};
/* End PBXGroup section */

/* Begin PBXNativeTarget section */
		56F3604F2E4457FA0065012C /* RelayTive */ = {
			isa = PBXNativeTarget;
			buildConfigurationList = 56F360712E4457FC0065012C /* Build configuration list for PBXNativeTarget "RelayTive" */;
			buildPhases = (
				56F3604C2E4457FA0065012C /* Sources */,
				56F3604D2E4457FA0065012C /* Frameworks */,
				56F3604E2E4457FA0065012C /* Resources */,
			);
			buildRules = (
			);
			dependencies = (
			);
			fileSystemSynchronizedGroups = (
				56F360522E4457FA0065012C /* RelayTive */,
			);
			name = RelayTive;
			packageProductDependencies = (
			);
			productName = RelayTive;
			productReference = 56F360502E4457FA0065012C /* RelayTive.app */;
			productType = "com.apple.product-type.application";
		};
		56F3605C2E4457FC0065012C /* RelayTiveTests */ = {
			isa = PBXNativeTarget;
			buildConfigurationList = 56F360742E4457FC0065012C /* Build configuration list for PBXNativeTarget "RelayTiveTests" */;
			buildPhases = (
				56F360592E4457FC0065012C /* Sources */,
				56F3605A2E4457FC0065012C /* Frameworks */,
				56F3605B2E4457FC0065012C /* Resources */,
			);
			buildRules = (
			);
			dependencies = (
				56F3605F2E4457FC0065012C /* PBXTargetDependency */,
			);
			fileSystemSynchronizedGroups = (
				56F360602E4457FC0065012C /* RelayTiveTests */,
			);
			name = RelayTiveTests;
			packageProductDependencies = (
			);
			productName = RelayTiveTests;
			productReference = 56F3605D2E4457FC0065012C /* RelayTiveTests.xctest */;
			productType = "com.apple.product-type.bundle.unit-test";
		};
		56F360662E4457FC0065012C /* RelayTiveUITests */ = {
			isa = PBXNativeTarget;
			buildConfigurationList = 56F360772E4457FC0065012C /* Build configuration list for PBXNativeTarget "RelayTiveUITests" */;
			buildPhases = (
				56F360632E4457FC0065012C /* Sources */,
				56F360642E4457FC0065012C /* Frameworks */,
				56F360652E4457FC0065012C /* Resources */,
			);
			buildRules = (
			);
			dependencies = (
				56F360692E4457FC0065012C /* PBXTargetDependency */,
			);
			fileSystemSynchronizedGroups = (
				56F3606A2E4457FC0065012C /* RelayTiveUITests */,
			);
			name = RelayTiveUITests;
			packageProductDependencies = (
			);
			productName = RelayTiveUITests;
			productReference = 56F360672E4457FC0065012C /* RelayTiveUITests.xctest */;
			productType = "com.apple.product-type.bundle.ui-testing";
		};
/* End PBXNativeTarget section */

/* Begin PBXProject section */
		56F360482E4457FA0065012C /* Project object */ = {
			isa = PBXProject;
			attributes = {
				BuildIndependentTargetsInParallel = 1;
				LastSwiftUpdateCheck = 1640;
				LastUpgradeCheck = 1640;
				TargetAttributes = {
					56F3604F2E4457FA0065012C = {
						CreatedOnToolsVersion = 16.4;
					};
					56F3605C2E4457FC0065012C = {
						CreatedOnToolsVersion = 16.4;
						TestTargetID = 56F3604F2E4457FA0065012C;
					};
					56F360662E4457FC0065012C = {
						CreatedOnToolsVersion = 16.4;
						TestTargetID = 56F3604F2E4457FA0065012C;
					};
				};
			};
			buildConfigurationList = 56F3604B2E4457FA0065012C /* Build configuration list for PBXProject "RelayTive" */;
			developmentRegion = en;
			hasScannedForEncodings = 0;
			knownRegions = (
				en,
				Base,
			);
			mainGroup = 56F360472E4457FA0065012C;
			minimizedProjectReferenceProxies = 1;
			preferredProjectObjectVersion = 77;
			productRefGroup = 56F360512E4457FA0065012C /* Products */;
			projectDirPath = "";
			projectRoot = "";
			targets = (
				56F3604F2E4457FA0065012C /* RelayTive */,
				56F3605C2E4457FC0065012C /* RelayTiveTests */,
				56F360662E4457FC0065012C /* RelayTiveUITests */,
			);
		};
/* End PBXProject section */

/* Begin PBXResourcesBuildPhase section */
		56F3604E2E4457FA0065012C /* Resources */ = {
			isa = PBXResourcesBuildPhase;
			buildActionMask = 2147483647;
			files = (
			);
			runOnlyForDeploymentPostprocessing = 0;
		};
		56F3605B2E4457FC0065012C /* Resources */ = {
			isa = PBXResourcesBuildPhase;
			buildActionMask = 2147483647;
			files = (
			);
			runOnlyForDeploymentPostprocessing = 0;
		};
		56F360652E4457FC0065012C /* Resources */ = {
			isa = PBXResourcesBuildPhase;
			buildActionMask = 2147483647;
			files = (
			);
			runOnlyForDeploymentPostprocessing = 0;
		};
/* End PBXResourcesBuildPhase section */

/* Begin PBXSourcesBuildPhase section */
		56F3604C2E4457FA0065012C /* Sources */ = {
			isa = PBXSourcesBuildPhase;
			buildActionMask = 2147483647;
			files = (
			);
			runOnlyForDeploymentPostprocessing = 0;
		};
		56F360592E4457FC0065012C /* Sources */ = {
			isa = PBXSourcesBuildPhase;
			buildActionMask = 2147483647;
			files = (
			);
			runOnlyForDeploymentPostprocessing = 0;
		};
		56F360632E4457FC0065012C /* Sources */ = {
			isa = PBXSourcesBuildPhase;
			buildActionMask = 2147483647;
			files = (
			);
			runOnlyForDeploymentPostprocessing = 0;
		};
/* End PBXSourcesBuildPhase section */

/* Begin PBXTargetDependency section */
		56F3605F2E4457FC0065012C /* PBXTargetDependency */ = {
			isa = PBXTargetDependency;
			target = 56F3604F2E4457FA0065012C /* RelayTive */;
			targetProxy = 56F3605E2E4457FC0065012C /* PBXContainerItemProxy */;
		};
		56F360692E4457FC0065012C /* PBXTargetDependency */ = {
			isa = PBXTargetDependency;
			target = 56F3604F2E4457FA0065012C /* RelayTive */;
			targetProxy = 56F360682E4457FC0065012C /* PBXContainerItemProxy */;
		};
/* End PBXTargetDependency section */

/* Begin XCBuildConfiguration section */
		56F3606F2E4457FC0065012C /* Debug */ = {
			isa = XCBuildConfiguration;
			buildSettings = {
				ALWAYS_SEARCH_USER_PATHS = NO;
				ASSETCATALOG_COMPILER_GENERATE_SWIFT_ASSET_SYMBOL_EXTENSIONS = YES;
				CLANG_ANALYZER_NONNULL = YES;
				CLANG_ANALYZER_NUMBER_OBJECT_CONVERSION = YES_AGGRESSIVE;
				CLANG_CXX_LANGUAGE_STANDARD = "gnu++20";
				CLANG_ENABLE_MODULES = YES;
				CLANG_ENABLE_OBJC_ARC = YES;
				CLANG_ENABLE_OBJC_WEAK = YES;
				CLANG_WARN_BLOCK_CAPTURE_AUTORELEASING = YES;
				CLANG_WARN_BOOL_CONVERSION = YES;
				CLANG_WARN_COMMA = YES;
				CLANG_WARN_CONSTANT_CONVERSION = YES;
				CLANG_WARN_DEPRECATED_OBJC_IMPLEMENTATIONS = YES;
				CLANG_WARN_DIRECT_OBJC_ISA_USAGE = YES_ERROR;
				CLANG_WARN_DOCUMENTATION_COMMENTS = YES;
				CLANG_WARN_EMPTY_BODY = YES;
				CLANG_WARN_ENUM_CONVERSION = YES;
				CLANG_WARN_INFINITE_RECURSION = YES;
				CLANG_WARN_INT_CONVERSION = YES;
				CLANG_WARN_NON_LITERAL_NULL_CONVERSION = YES;
				CLANG_WARN_OBJC_IMPLICIT_RETAIN_SELF = YES;
				CLANG_WARN_OBJC_LITERAL_CONVERSION = YES;
				CLANG_WARN_OBJC_ROOT_CLASS = YES_ERROR;
				CLANG_WARN_QUOTED_INCLUDE_IN_FRAMEWORK_HEADER = YES;
				CLANG_WARN_RANGE_LOOP_ANALYSIS = YES;
				CLANG_WARN_STRICT_PROTOTYPES = YES;
				CLANG_WARN_SUSPICIOUS_MOVE = YES;
				CLANG_WARN_UNGUARDED_AVAILABILITY = YES_AGGRESSIVE;
				CLANG_WARN_UNREACHABLE_CODE = YES;
				CLANG_WARN__DUPLICATE_METHOD_MATCH = YES;
				COPY_PHASE_STRIP = NO;
				DEBUG_INFORMATION_FORMAT = dwarf;
				DEVELOPMENT_TEAM = 6QHT342976;
				ENABLE_STRICT_OBJC_MSGSEND = YES;
				ENABLE_TESTABILITY = YES;
				ENABLE_USER_SCRIPT_SANDBOXING = YES;
				GCC_C_LANGUAGE_STANDARD = gnu17;
				GCC_DYNAMIC_NO_PIC = NO;
				GCC_NO_COMMON_BLOCKS = YES;
				GCC_OPTIMIZATION_LEVEL = 0;
				GCC_PREPROCESSOR_DEFINITIONS = (
					"DEBUG=1",
					"$(inherited)",
				);
				GCC_WARN_64_TO_32_BIT_CONVERSION = YES;
				GCC_WARN_ABOUT_RETURN_TYPE = YES_ERROR;
				GCC_WARN_UNDECLARED_SELECTOR = YES;
				GCC_WARN_UNINITIALIZED_AUTOS = YES_AGGRESSIVE;
				GCC_WARN_UNUSED_FUNCTION = YES;
				GCC_WARN_UNUSED_VARIABLE = YES;
				INFOPLIST_KEY_NSMicrophoneUsageDescription = "RelayTive needs microphone access to record atypical speech samples and caregiver explanations for training the translation system.";
				INFOPLIST_KEY_NSSpeechRecognitionUsageDescription = "RelayTive uses speech recognition to transcribe caregiver explanations, making it easier to provide clear translations for atypical speech patterns.";
				INFOPLIST_KEY_NSSystemAdministrationUsageDescription = "";
				IPHONEOS_DEPLOYMENT_TARGET = 18.5;
				LOCALIZATION_PREFERS_STRING_CATALOGS = YES;
				MTL_ENABLE_DEBUG_INFO = INCLUDE_SOURCE;
				MTL_FAST_MATH = YES;
				ONLY_ACTIVE_ARCH = YES;
				SDKROOT = iphoneos;
				SWIFT_ACTIVE_COMPILATION_CONDITIONS = "DEBUG $(inherited)";
				SWIFT_OPTIMIZATION_LEVEL = "-Onone";
			};
			name = Debug;
		};
		56F360702E4457FC0065012C /* Release */ = {
			isa = XCBuildConfiguration;
			buildSettings = {
				ALWAYS_SEARCH_USER_PATHS = NO;
				ASSETCATALOG_COMPILER_GENERATE_SWIFT_ASSET_SYMBOL_EXTENSIONS = YES;
				CLANG_ANALYZER_NONNULL = YES;
				CLANG_ANALYZER_NUMBER_OBJECT_CONVERSION = YES_AGGRESSIVE;
				CLANG_CXX_LANGUAGE_STANDARD = "gnu++20";
				CLANG_ENABLE_MODULES = YES;
				CLANG_ENABLE_OBJC_ARC = YES;
				CLANG_ENABLE_OBJC_WEAK = YES;
				CLANG_WARN_BLOCK_CAPTURE_AUTORELEASING = YES;
				CLANG_WARN_BOOL_CONVERSION = YES;
				CLANG_WARN_COMMA = YES;
				CLANG_WARN_CONSTANT_CONVERSION = YES;
				CLANG_WARN_DEPRECATED_OBJC_IMPLEMENTATIONS = YES;
				CLANG_WARN_DIRECT_OBJC_ISA_USAGE = YES_ERROR;
				CLANG_WARN_DOCUMENTATION_COMMENTS = YES;
				CLANG_WARN_EMPTY_BODY = YES;
				CLANG_WARN_ENUM_CONVERSION = YES;
				CLANG_WARN_INFINITE_RECURSION = YES;
				CLANG_WARN_INT_CONVERSION = YES;
				CLANG_WARN_NON_LITERAL_NULL_CONVERSION = YES;
				CLANG_WARN_OBJC_IMPLICIT_RETAIN_SELF = YES;
				CLANG_WARN_OBJC_LITERAL_CONVERSION = YES;
				CLANG_WARN_OBJC_ROOT_CLASS = YES_ERROR;
				CLANG_WARN_QUOTED_INCLUDE_IN_FRAMEWORK_HEADER = YES;
				CLANG_WARN_RANGE_LOOP_ANALYSIS = YES;
				CLANG_WARN_STRICT_PROTOTYPES = YES;
				CLANG_WARN_SUSPICIOUS_MOVE = YES;
				CLANG_WARN_UNGUARDED_AVAILABILITY = YES_AGGRESSIVE;
				CLANG_WARN_UNREACHABLE_CODE = YES;
				CLANG_WARN__DUPLICATE_METHOD_MATCH = YES;
				COPY_PHASE_STRIP = NO;
				DEBUG_INFORMATION_FORMAT = "dwarf-with-dsym";
				DEVELOPMENT_TEAM = 6QHT342976;
				ENABLE_NS_ASSERTIONS = NO;
				ENABLE_STRICT_OBJC_MSGSEND = YES;
				ENABLE_USER_SCRIPT_SANDBOXING = YES;
				GCC_C_LANGUAGE_STANDARD = gnu17;
				GCC_NO_COMMON_BLOCKS = YES;
				GCC_WARN_64_TO_32_BIT_CONVERSION = YES;
				GCC_WARN_ABOUT_RETURN_TYPE = YES_ERROR;
				GCC_WARN_UNDECLARED_SELECTOR = YES;
				GCC_WARN_UNINITIALIZED_AUTOS = YES_AGGRESSIVE;
				GCC_WARN_UNUSED_FUNCTION = YES;
				GCC_WARN_UNUSED_VARIABLE = YES;
				INFOPLIST_KEY_NSMicrophoneUsageDescription = "RelayTive needs microphone access to record atypical speech samples and caregiver explanations for training the translation system.";
				INFOPLIST_KEY_NSSpeechRecognitionUsageDescription = "RelayTive uses speech recognition to transcribe caregiver explanations, making it easier to provide clear translations for atypical speech patterns.";
				INFOPLIST_KEY_NSSystemAdministrationUsageDescription = "";
				IPHONEOS_DEPLOYMENT_TARGET = 18.5;
				LOCALIZATION_PREFERS_STRING_CATALOGS = YES;
				MTL_ENABLE_DEBUG_INFO = NO;
				MTL_FAST_MATH = YES;
				SDKROOT = iphoneos;
				SWIFT_COMPILATION_MODE = wholemodule;
				VALIDATE_PRODUCT = YES;
			};
			name = Release;
		};
		56F360722E4457FC0065012C /* Debug */ = {
			isa = XCBuildConfiguration;
			buildSettings = {
				ASSETCATALOG_COMPILER_APPICON_NAME = AppIcon;
				ASSETCATALOG_COMPILER_GLOBAL_ACCENT_COLOR_NAME = AccentColor;
				CODE_SIGN_STYLE = Automatic;
				CURRENT_PROJECT_VERSION = 1;
				DEVELOPMENT_TEAM = 6QHT342976;
				ENABLE_PREVIEWS = YES;
				GENERATE_INFOPLIST_FILE = YES;
				INFOPLIST_KEY_NSMicrophoneUsageDescription = "RelayTive needs microphone access to record atypical speech samples and caregiver explanations for training the translation system.";
				INFOPLIST_KEY_NSSpeechRecognitionUsageDescription = "RelayTive uses speech recognition to transcribe caregiver explanations, making it easier to provide clear translations for atypical speech patterns.";
				INFOPLIST_KEY_UIApplicationSceneManifest_Generation = YES;
				INFOPLIST_KEY_UIApplicationSupportsIndirectInputEvents = YES;
				INFOPLIST_KEY_UILaunchScreen_Generation = YES;
				INFOPLIST_KEY_UISupportedInterfaceOrientations_iPad = "UIInterfaceOrientationPortrait UIInterfaceOrientationPortraitUpsideDown UIInterfaceOrientationLandscapeLeft UIInterfaceOrientationLandscapeRight";
				INFOPLIST_KEY_UISupportedInterfaceOrientations_iPhone = "UIInterfaceOrientationPortrait UIInterfaceOrientationLandscapeLeft UIInterfaceOrientationLandscapeRight";
				LD_RUNPATH_SEARCH_PATHS = (
					"$(inherited)",
					"@executable_path/Frameworks",
				);
				MARKETING_VERSION = 1.0;
				PRODUCT_BUNDLE_IDENTIFIER = com.auteuristicsystems.RelayTive;
				PRODUCT_NAME = "$(TARGET_NAME)";
				SUPPORTED_PLATFORMS = "iphoneos iphonesimulator";
				SUPPORTS_MACCATALYST = NO;
				SUPPORTS_XR_DESIGNED_FOR_IPHONE_IPAD = NO;
				SWIFT_EMIT_LOC_STRINGS = YES;
				SWIFT_VERSION = 5.0;
				TARGETED_DEVICE_FAMILY = "1,2";
			};
			name = Debug;
		};
		56F360732E4457FC0065012C /* Release */ = {
			isa = XCBuildConfiguration;
			buildSettings = {
				ASSETCATALOG_COMPILER_APPICON_NAME = AppIcon;
				ASSETCATALOG_COMPILER_GLOBAL_ACCENT_COLOR_NAME = AccentColor;
				CODE_SIGN_STYLE = Automatic;
				CURRENT_PROJECT_VERSION = 1;
				DEVELOPMENT_TEAM = 6QHT342976;
				ENABLE_PREVIEWS = YES;
				GENERATE_INFOPLIST_FILE = YES;
				INFOPLIST_KEY_NSMicrophoneUsageDescription = "RelayTive needs microphone access to record atypical speech samples and caregiver explanations for training the translation system.";
				INFOPLIST_KEY_NSSpeechRecognitionUsageDescription = "RelayTive uses speech recognition to transcribe caregiver explanations, making it easier to provide clear translations for atypical speech patterns.";
				INFOPLIST_KEY_UIApplicationSceneManifest_Generation = YES;
				INFOPLIST_KEY_UIApplicationSupportsIndirectInputEvents = YES;
				INFOPLIST_KEY_UILaunchScreen_Generation = YES;
				INFOPLIST_KEY_UISupportedInterfaceOrientations_iPad = "UIInterfaceOrientationPortrait UIInterfaceOrientationPortraitUpsideDown UIInterfaceOrientationLandscapeLeft UIInterfaceOrientationLandscapeRight";
				INFOPLIST_KEY_UISupportedInterfaceOrientations_iPhone = "UIInterfaceOrientationPortrait UIInterfaceOrientationLandscapeLeft UIInterfaceOrientationLandscapeRight";
				LD_RUNPATH_SEARCH_PATHS = (
					"$(inherited)",
					"@executable_path/Frameworks",
				);
				MARKETING_VERSION = 1.0;
				PRODUCT_BUNDLE_IDENTIFIER = com.auteuristicsystems.RelayTive;
				PRODUCT_NAME = "$(TARGET_NAME)";
				SUPPORTED_PLATFORMS = "iphoneos iphonesimulator";
				SUPPORTS_MACCATALYST = NO;
				SUPPORTS_XR_DESIGNED_FOR_IPHONE_IPAD = NO;
				SWIFT_EMIT_LOC_STRINGS = YES;
				SWIFT_VERSION = 5.0;
				TARGETED_DEVICE_FAMILY = "1,2";
			};
			name = Release;
		};
		56F360752E4457FC0065012C /* Debug */ = {
			isa = XCBuildConfiguration;
			buildSettings = {
				BUNDLE_LOADER = "$(TEST_HOST)";
				CODE_SIGN_STYLE = Automatic;
				CURRENT_PROJECT_VERSION = 1;
				DEVELOPMENT_TEAM = 6QHT342976;
				GENERATE_INFOPLIST_FILE = YES;
				IPHONEOS_DEPLOYMENT_TARGET = 18.5;
				MARKETING_VERSION = 1.0;
				PRODUCT_BUNDLE_IDENTIFIER = com.auteuristicsystems.RelayTiveTests;
				PRODUCT_NAME = "$(TARGET_NAME)";
				SWIFT_EMIT_LOC_STRINGS = NO;
				SWIFT_VERSION = 5.0;
				TARGETED_DEVICE_FAMILY = "1,2";
				TEST_HOST = "$(BUILT_PRODUCTS_DIR)/RelayTive.app/$(BUNDLE_EXECUTABLE_FOLDER_PATH)/RelayTive";
			};
			name = Debug;
		};
		56F360762E4457FC0065012C /* Release */ = {
			isa = XCBuildConfiguration;
			buildSettings = {
				BUNDLE_LOADER = "$(TEST_HOST)";
				CODE_SIGN_STYLE = Automatic;
				CURRENT_PROJECT_VERSION = 1;
				DEVELOPMENT_TEAM = 6QHT342976;
				GENERATE_INFOPLIST_FILE = YES;
				IPHONEOS_DEPLOYMENT_TARGET = 18.5;
				MARKETING_VERSION = 1.0;
				PRODUCT_BUNDLE_IDENTIFIER = com.auteuristicsystems.RelayTiveTests;
				PRODUCT_NAME = "$(TARGET_NAME)";
				SWIFT_EMIT_LOC_STRINGS = NO;
				SWIFT_VERSION = 5.0;
				TARGETED_DEVICE_FAMILY = "1,2";
				TEST_HOST = "$(BUILT_PRODUCTS_DIR)/RelayTive.app/$(BUNDLE_EXECUTABLE_FOLDER_PATH)/RelayTive";
			};
			name = Release;
		};
		56F360782E4457FC0065012C /* Debug */ = {
			isa = XCBuildConfiguration;
			buildSettings = {
				CODE_SIGN_STYLE = Automatic;
				CURRENT_PROJECT_VERSION = 1;
				DEVELOPMENT_TEAM = 6QHT342976;
				GENERATE_INFOPLIST_FILE = YES;
				MARKETING_VERSION = 1.0;
				PRODUCT_BUNDLE_IDENTIFIER = com.auteuristicsystems.RelayTiveUITests;
				PRODUCT_NAME = "$(TARGET_NAME)";
				SWIFT_EMIT_LOC_STRINGS = NO;
				SWIFT_VERSION = 5.0;
				TARGETED_DEVICE_FAMILY = "1,2";
				TEST_TARGET_NAME = RelayTive;
			};
			name = Debug;
		};
		56F360792E4457FC0065012C /* Release */ = {
			isa = XCBuildConfiguration;
			buildSettings = {
				CODE_SIGN_STYLE = Automatic;
				CURRENT_PROJECT_VERSION = 1;
				DEVELOPMENT_TEAM = 6QHT342976;
				GENERATE_INFOPLIST_FILE = YES;
				MARKETING_VERSION = 1.0;
				PRODUCT_BUNDLE_IDENTIFIER = com.auteuristicsystems.RelayTiveUITests;
				PRODUCT_NAME = "$(TARGET_NAME)";
				SWIFT_EMIT_LOC_STRINGS = NO;
				SWIFT_VERSION = 5.0;
				TARGETED_DEVICE_FAMILY = "1,2";
				TEST_TARGET_NAME = RelayTive;
			};
			name = Release;
		};
/* End XCBuildConfiguration section */

/* Begin XCConfigurationList section */
		56F3604B2E4457FA0065012C /* Build configuration list for PBXProject "RelayTive" */ = {
			isa = XCConfigurationList;
			buildConfigurations = (
				56F3606F2E4457FC0065012C /* Debug */,
				56F360702E4457FC0065012C /* Release */,
			);
			defaultConfigurationIsVisible = 0;
			defaultConfigurationName = Release;
		};
		56F360712E4457FC0065012C /* Build configuration list for PBXNativeTarget "RelayTive" */ = {
			isa = XCConfigurationList;
			buildConfigurations = (
				56F360722E4457FC0065012C /* Debug */,
				56F360732E4457FC0065012C /* Release */,
			);
			defaultConfigurationIsVisible = 0;
			defaultConfigurationName = Release;
		};
		56F360742E4457FC0065012C /* Build configuration list for PBXNativeTarget "RelayTiveTests" */ = {
			isa = XCConfigurationList;
			buildConfigurations = (
				56F360752E4457FC0065012C /* Debug */,
				56F360762E4457FC0065012C /* Release */,
			);
			defaultConfigurationIsVisible = 0;
			defaultConfigurationName = Release;
		};
		56F360772E4457FC0065012C /* Build configuration list for PBXNativeTarget "RelayTiveUITests" */ = {
			isa = XCConfigurationList;
			buildConfigurations = (
				56F360782E4457FC0065012C /* Debug */,
				56F360792E4457FC0065012C /* Release */,
			);
			defaultConfigurationIsVisible = 0;
			defaultConfigurationName = Release;
		};
/* End XCConfigurationList section */
	};
	rootObject = 56F360482E4457FA0065012C /* Project object */;
}
